
Microsoft Visual Studio Solution File, Format Version 12.00
# Visual Studio Version 16
VisualStudioVersion = 16.0.31112.23
MinimumVisualStudioVersion = 10.0.40219.1
Project("{FAE04EC0-301F-11D3-BF4B-00C04F79EFBC}") = "HRProject", "HRProject\HRProject.csproj", "{F0EAE462-8008-4709-B0FD-9AF1CDB93200}"
EndProject
Global
	GlobalSection(SolutionConfigurationPlatforms) = preSolution
		Debug|Any CPU = Debug|Any CPU
		Release|Any CPU = Release|Any CPU
	EndGlobalSection
	GlobalSection(ProjectConfigurationPlatforms) = postSolution
		{F0EAE462-8008-4709-B0FD-9AF1CDB93200}.Debug|Any CPU.ActiveCfg = Debug|Any CPU
		{F0EAE462-8008-4709-B0FD-9AF1CDB93200}.Debug|Any CPU.Build.0 = Debug|Any CPU
		{F0EAE462-8008-4709-B0FD-9AF1CDB93200}.Release|Any CPU.ActiveCfg = Release|Any CPU
		{F0EAE462-8008-4709-B0FD-9AF1CDB93200}.Release|Any CPU.Build.0 = Release|Any CPU
	EndGlobalSection
	GlobalSection(SolutionProperties) = preSolution
		HideSolutionNode = FALSE
	EndGlobalSection
	GlobalSection(ExtensibilityGlobals) = postSolution
		SolutionGuid = {11186FF7-E095-4E19-AE2E-8797E0CEDBF8}
	EndGlobalSection
EndGlobal
